
Microsoft Visual Studio Solution File, Format Version 12.00
# Visual Studio 15
VisualStudioVersion = 15.0.28307.168
MinimumVisualStudioVersion = 10.0.40219.1
Project("{9A19103F-16F7-4668-BE54-9A1E7A4F7556}") = "Chat.Dal", "Chat.Dal\Chat.Dal.csproj", "{8A60112A-E57C-46F9-9F03-0973E73051B5}"
EndProject
Project("{FAE04EC0-301F-11D3-BF4B-00C04F79EFBC}") = "Chat.Business", "Chat.Business\Chat.Business.csproj", "{980C4514-62F8-4121-9FE7-83D9421CCD9E}"
EndProject
Project("{FAE04EC0-301F-11D3-BF4B-00C04F79EFBC}") = "Chat.Api", "Chat.Api\Chat.Api.csproj", "{BFDA145C-4A15-41B8-BE82-459569D8CE32}"
EndProject
Project("{FAE04EC0-301F-11D3-BF4B-00C04F79EFBC}") = "Chat.Dal.IntegrationTests", "Chat.Dal.IntegrationTests\Chat.Dal.IntegrationTests.csproj", "{6A082BD8-D509-4326-AB22-FBACB0D4D1FC}"
EndProject
Global
	GlobalSection(SolutionConfigurationPlatforms) = preSolution
		Debug|Any CPU = Debug|Any CPU
		Release|Any CPU = Release|Any CPU
	EndGlobalSection
	GlobalSection(ProjectConfigurationPlatforms) = postSolution
		{8A60112A-E57C-46F9-9F03-0973E73051B5}.Debug|Any CPU.ActiveCfg = Debug|Any CPU
		{8A60112A-E57C-46F9-9F03-0973E73051B5}.Debug|Any CPU.Build.0 = Debug|Any CPU
		{8A60112A-E57C-46F9-9F03-0973E73051B5}.Release|Any CPU.ActiveCfg = Release|Any CPU
		{8A60112A-E57C-46F9-9F03-0973E73051B5}.Release|Any CPU.Build.0 = Release|Any CPU
		{980C4514-62F8-4121-9FE7-83D9421CCD9E}.Debug|Any CPU.ActiveCfg = Debug|Any CPU
		{980C4514-62F8-4121-9FE7-83D9421CCD9E}.Debug|Any CPU.Build.0 = Debug|Any CPU
		{980C4514-62F8-4121-9FE7-83D9421CCD9E}.Release|Any CPU.ActiveCfg = Release|Any CPU
		{980C4514-62F8-4121-9FE7-83D9421CCD9E}.Release|Any CPU.Build.0 = Release|Any CPU
		{BFDA145C-4A15-41B8-BE82-459569D8CE32}.Debug|Any CPU.ActiveCfg = Debug|Any CPU
		{BFDA145C-4A15-41B8-BE82-459569D8CE32}.Debug|Any CPU.Build.0 = Debug|Any CPU
		{BFDA145C-4A15-41B8-BE82-459569D8CE32}.Release|Any CPU.ActiveCfg = Release|Any CPU
		{BFDA145C-4A15-41B8-BE82-459569D8CE32}.Release|Any CPU.Build.0 = Release|Any CPU
		{6A082BD8-D509-4326-AB22-FBACB0D4D1FC}.Debug|Any CPU.ActiveCfg = Debug|Any CPU
		{6A082BD8-D509-4326-AB22-FBACB0D4D1FC}.Debug|Any CPU.Build.0 = Debug|Any CPU
		{6A082BD8-D509-4326-AB22-FBACB0D4D1FC}.Release|Any CPU.ActiveCfg = Release|Any CPU
		{6A082BD8-D509-4326-AB22-FBACB0D4D1FC}.Release|Any CPU.Build.0 = Release|Any CPU
	EndGlobalSection
	GlobalSection(SolutionProperties) = preSolution
		HideSolutionNode = FALSE
	EndGlobalSection
	GlobalSection(ExtensibilityGlobals) = postSolution
		SolutionGuid = {D760DEE1-A86F-445E-8CB8-7CC17D21F957}
	EndGlobalSection
EndGlobal
