
Microsoft Visual Studio Solution File, Format Version 12.00
# Visual Studio 14
VisualStudioVersion = 14.0.25420.1
MinimumVisualStudioVersion = 10.0.40219.1
Project("{FAE04EC0-301F-11D3-BF4B-00C04F79EFBC}") = "Rentoolo", "Rentoolo\Rentoolo.csproj", "{99CE1B25-3F5F-4B1F-B7A1-12DB8F1C6498}"
EndProject
Project("{FAE04EC0-301F-11D3-BF4B-00C04F79EFBC}") = "Newtonsoft.Json.Net40", "Newtonsoft.Json-master\Src\Newtonsoft.Json\Newtonsoft.Json.Net40.csproj", "{A9AE40FF-1A21-414A-9FE7-3BE13644CC6D}"
EndProject
Project("{FAE04EC0-301F-11D3-BF4B-00C04F79EFBC}") = "xNet", "xNet-master\xNet.csproj", "{5D25D06E-0D35-42EF-BBA2-D5DE6E06CD04}"
EndProject
Global
	GlobalSection(SolutionConfigurationPlatforms) = preSolution
		Debug|Any CPU = Debug|Any CPU
		Release|Any CPU = Release|Any CPU
	EndGlobalSection
	GlobalSection(ProjectConfigurationPlatforms) = postSolution
		{99CE1B25-3F5F-4B1F-B7A1-12DB8F1C6498}.Debug|Any CPU.ActiveCfg = Debug|Any CPU
		{99CE1B25-3F5F-4B1F-B7A1-12DB8F1C6498}.Debug|Any CPU.Build.0 = Debug|Any CPU
		{99CE1B25-3F5F-4B1F-B7A1-12DB8F1C6498}.Release|Any CPU.ActiveCfg = Release|Any CPU
		{99CE1B25-3F5F-4B1F-B7A1-12DB8F1C6498}.Release|Any CPU.Build.0 = Release|Any CPU
		{A9AE40FF-1A21-414A-9FE7-3BE13644CC6D}.Debug|Any CPU.ActiveCfg = Debug|Any CPU
		{A9AE40FF-1A21-414A-9FE7-3BE13644CC6D}.Debug|Any CPU.Build.0 = Debug|Any CPU
		{A9AE40FF-1A21-414A-9FE7-3BE13644CC6D}.Release|Any CPU.ActiveCfg = Release|Any CPU
		{A9AE40FF-1A21-414A-9FE7-3BE13644CC6D}.Release|Any CPU.Build.0 = Release|Any CPU
		{5D25D06E-0D35-42EF-BBA2-D5DE6E06CD04}.Debug|Any CPU.ActiveCfg = Debug|Any CPU
		{5D25D06E-0D35-42EF-BBA2-D5DE6E06CD04}.Debug|Any CPU.Build.0 = Debug|Any CPU
		{5D25D06E-0D35-42EF-BBA2-D5DE6E06CD04}.Release|Any CPU.ActiveCfg = Release|Any CPU
		{5D25D06E-0D35-42EF-BBA2-D5DE6E06CD04}.Release|Any CPU.Build.0 = Release|Any CPU
	EndGlobalSection
	GlobalSection(SolutionProperties) = preSolution
		HideSolutionNode = FALSE
	EndGlobalSection
EndGlobal
